
Microsoft Visual Studio Solution File, Format Version 12.00
# Visual Studio Version 16
VisualStudioVersion = 16.0.31402.337
MinimumVisualStudioVersion = 10.0.40219.1
Project("{FAE04EC0-301F-11D3-BF4B-00C04F79EFBC}") = "HouseStoreFront", "HouseStoreFront\HouseStoreFront.csproj", "{02639538-419A-4CB2-B114-65CD3D04E5D2}"
EndProject
Global
	GlobalSection(SolutionConfigurationPlatforms) = preSolution
		Debug|Any CPU = Debug|Any CPU
		Release|Any CPU = Release|Any CPU
	EndGlobalSection
	GlobalSection(ProjectConfigurationPlatforms) = postSolution
		{02639538-419A-4CB2-B114-65CD3D04E5D2}.Debug|Any CPU.ActiveCfg = Debug|Any CPU
		{02639538-419A-4CB2-B114-65CD3D04E5D2}.Debug|Any CPU.Build.0 = Debug|Any CPU
		{02639538-419A-4CB2-B114-65CD3D04E5D2}.Release|Any CPU.ActiveCfg = Release|Any CPU
		{02639538-419A-4CB2-B114-65CD3D04E5D2}.Release|Any CPU.Build.0 = Release|Any CPU
	EndGlobalSection
	GlobalSection(SolutionProperties) = preSolution
		HideSolutionNode = FALSE
	EndGlobalSection
	GlobalSection(ExtensibilityGlobals) = postSolution
		SolutionGuid = {9269176A-CDA1-4E2D-A40A-74FB8F8EAFC5}
	EndGlobalSection
EndGlobal
